{
  "pins" : [
    {
      "identity" : "touchpoint-kit-ios",
      "kind" : "remoteSourceControl",
      "location" : "https://github.com/vcilabs/touchpoint-kit-ios",
      "state" : {
        "revision" : "2fe58b8cfbbcc5e95238b7fd7e07a01977d71f40",
        "version" : "1.0.4"
      }
    }
  ],
  "version" : 2
}
