{
  "pins" : [
    {
      "identity" : "touchpoint-kit-ios",
      "kind" : "remoteSourceControl",
      "location" : "https://github.com/vcilabs/touchpoint-kit-ios",
      "state" : {
        "revision" : "34f120075f03615644fe3f3455e920ab67ca1b11",
        "version" : "1.0.3"
      }
    }
  ],
  "version" : 2
}
